
Microsoft Visual Studio Solution File, Format Version 12.00
# Visual Studio 15
VisualStudioVersion = 15.0.28010.2016
MinimumVisualStudioVersion = 10.0.40219.1
Project("{FAE04EC0-301F-11D3-BF4B-00C04F79EFBC}") = "WebApplication4", "WebApplication4\WebApplication4.csproj", "{58A038D9-5482-4BE7-9857-7A7100550542}"
EndProject
Global
	GlobalSection(SolutionConfigurationPlatforms) = preSolution
		Debug|Any CPU = Debug|Any CPU
		Release|Any CPU = Release|Any CPU
	EndGlobalSection
	GlobalSection(ProjectConfigurationPlatforms) = postSolution
		{58A038D9-5482-4BE7-9857-7A7100550542}.Debug|Any CPU.ActiveCfg = Debug|Any CPU
		{58A038D9-5482-4BE7-9857-7A7100550542}.Debug|Any CPU.Build.0 = Debug|Any CPU
		{58A038D9-5482-4BE7-9857-7A7100550542}.Release|Any CPU.ActiveCfg = Release|Any CPU
		{58A038D9-5482-4BE7-9857-7A7100550542}.Release|Any CPU.Build.0 = Release|Any CPU
	EndGlobalSection
	GlobalSection(SolutionProperties) = preSolution
		HideSolutionNode = FALSE
	EndGlobalSection
	GlobalSection(ExtensibilityGlobals) = postSolution
		SolutionGuid = {8E09600E-EABF-4720-BB1F-C12C1657584D}
	EndGlobalSection
EndGlobal
